
Microsoft Visual Studio Solution File, Format Version 12.00
# Visual Studio Version 17
VisualStudioVersion = 17.0.31903.59
MinimumVisualStudioVersion = 10.0.40219.1
Project("{FAE04EC0-301F-11D3-BF4B-00C04F79EFBC}") = "Excise.Core", "Excise.Core\Excise.Core.csproj", "{6B303310-DED5-4817-96AB-2772D76DE110}"
EndProject
Project("{FAE04EC0-301F-11D3-BF4B-00C04F79EFBC}") = "Excise.Rendering", "Excise.Rendering\Excise.Rendering.csproj", "{1535A49F-2E5C-41D2-A184-E0EC87091125}"
EndProject
Project("{FAE04EC0-301F-11D3-BF4B-00C04F79EFBC}") = "Excise.Core.Tests", "Excise.Core.Tests\Excise.Core.Tests.csproj", "{B8EAC9B2-1C68-485A-8517-61459E021C22}"
EndProject
Project("{FAE04EC0-301F-11D3-BF4B-00C04F79EFBC}") = "Excise.Rendering.Tests", "Excise.Rendering.Tests\Excise.Rendering.Tests.csproj", "{65C9BCB6-A9FB-4690-8975-78D9B5FAA037}"
EndProject
Project("{FAE04EC0-301F-11D3-BF4B-00C04F79EFBC}") = "Excise.Cli", "Excise.Cli\Excise.Cli.csproj", "{3D99A050-3962-4B6E-9DDA-A8C4C32FE383}"
EndProject
Project("{FAE04EC0-301F-11D3-BF4B-00C04F79EFBC}") = "Excise.Demo", "Excise.Demo\Excise.Demo.csproj", "{1835C91D-F594-41E3-A87B-A49167074128}"
EndProject
Project("{FAE04EC0-301F-11D3-BF4B-00C04F79EFBC}") = "Excise.App", "Excise.App\Excise.App.csproj", "{C53C5C67-1051-45F2-813E-820DD9FF8E12}"
EndProject
Project("{FAE04EC0-301F-11D3-BF4B-00C04F79EFBC}") = "Excise.App.Tests", "Excise.App.Tests\Excise.App.Tests.csproj", "{1DF31C85-CB9E-4C36-ADBA-3363345CB33B}"
EndProject
Project("{FAE04EC0-301F-11D3-BF4B-00C04F79EFBC}") = "Excise.Cli.Tests", "Excise.Cli.Tests\Excise.Cli.Tests.csproj", "{0E0EAC56-8258-4758-B1E0-4CAE804D1413}"
EndProject
Project("{FAE04EC0-301F-11D3-BF4B-00C04F79EFBC}") = "Excise.Ocr", "Excise.Ocr\Excise.Ocr.csproj", "{D6639C1C-D996-43E5-B4DA-D949322E26CA}"
EndProject
Project("{FAE04EC0-301F-11D3-BF4B-00C04F79EFBC}") = "Excise.Ocr.Tests", "Excise.Ocr.Tests\Excise.Ocr.Tests.csproj", "{8E4FCBBF-3440-4153-963B-BE9F99C3565A}"
EndProject
Project("{FAE04EC0-301F-11D3-BF4B-00C04F79EFBC}") = "Excise.Avalonia", "Excise.Avalonia\Excise.Avalonia.csproj", "{631FD4D3-33E1-4EDF-AD1C-B07F91C73A84}"
EndProject
Project("{FAE04EC0-301F-11D3-BF4B-00C04F79EFBC}") = "Excise.Avalonia.Sample", "Excise.Avalonia.Sample\Excise.Avalonia.Sample.csproj", "{0080D695-9AE4-4A3F-B0A8-7A643148A9E4}"
EndProject
Project("{FAE04EC0-301F-11D3-BF4B-00C04F79EFBC}") = "Excise.Avalonia.Tests", "Excise.Avalonia.Tests\Excise.Avalonia.Tests.csproj", "{58448B0F-9E30-4BB5-9B89-921F095A43A6}"
EndProject
Global
	GlobalSection(SolutionConfigurationPlatforms) = preSolution
		Debug|Any CPU = Debug|Any CPU
		Debug|x64 = Debug|x64
		Debug|x86 = Debug|x86
		Release|Any CPU = Release|Any CPU
		Release|x64 = Release|x64
		Release|x86 = Release|x86
	EndGlobalSection
	GlobalSection(ProjectConfigurationPlatforms) = postSolution
		{6B303310-DED5-4817-96AB-2772D76DE110}.Debug|Any CPU.ActiveCfg = Debug|Any CPU
		{6B303310-DED5-4817-96AB-2772D76DE110}.Debug|Any CPU.Build.0 = Debug|Any CPU
		{6B303310-DED5-4817-96AB-2772D76DE110}.Debug|x64.ActiveCfg = Debug|Any CPU
		{6B303310-DED5-4817-96AB-2772D76DE110}.Debug|x64.Build.0 = Debug|Any CPU
		{6B303310-DED5-4817-96AB-2772D76DE110}.Debug|x86.ActiveCfg = Debug|Any CPU
		{6B303310-DED5-4817-96AB-2772D76DE110}.Debug|x86.Build.0 = Debug|Any CPU
		{6B303310-DED5-4817-96AB-2772D76DE110}.Release|Any CPU.ActiveCfg = Release|Any CPU
		{6B303310-DED5-4817-96AB-2772D76DE110}.Release|Any CPU.Build.0 = Release|Any CPU
		{6B303310-DED5-4817-96AB-2772D76DE110}.Release|x64.ActiveCfg = Release|Any CPU
		{6B303310-DED5-4817-96AB-2772D76DE110}.Release|x64.Build.0 = Release|Any CPU
		{6B303310-DED5-4817-96AB-2772D76DE110}.Release|x86.ActiveCfg = Release|Any CPU
		{6B303310-DED5-4817-96AB-2772D76DE110}.Release|x86.Build.0 = Release|Any CPU
		{1535A49F-2E5C-41D2-A184-E0EC87091125}.Debug|Any CPU.ActiveCfg = Debug|Any CPU
		{1535A49F-2E5C-41D2-A184-E0EC87091125}.Debug|Any CPU.Build.0 = Debug|Any CPU
		{1535A49F-2E5C-41D2-A184-E0EC87091125}.Debug|x64.ActiveCfg = Debug|Any CPU
		{1535A49F-2E5C-41D2-A184-E0EC87091125}.Debug|x64.Build.0 = Debug|Any CPU
		{1535A49F-2E5C-41D2-A184-E0EC87091125}.Debug|x86.ActiveCfg = Debug|Any CPU
		{1535A49F-2E5C-41D2-A184-E0EC87091125}.Debug|x86.Build.0 = Debug|Any CPU
		{1535A49F-2E5C-41D2-A184-E0EC87091125}.Release|Any CPU.ActiveCfg = Release|Any CPU
		{1535A49F-2E5C-41D2-A184-E0EC87091125}.Release|Any CPU.Build.0 = Release|Any CPU
		{1535A49F-2E5C-41D2-A184-E0EC87091125}.Release|x64.ActiveCfg = Release|Any CPU
		{1535A49F-2E5C-41D2-A184-E0EC87091125}.Release|x64.Build.0 = Release|Any CPU
		{1535A49F-2E5C-41D2-A184-E0EC87091125}.Release|x86.ActiveCfg = Release|Any CPU
		{1535A49F-2E5C-41D2-A184-E0EC87091125}.Release|x86.Build.0 = Release|Any CPU
		{B8EAC9B2-1C68-485A-8517-61459E021C22}.Debug|Any CPU.ActiveCfg = Debug|Any CPU
		{B8EAC9B2-1C68-485A-8517-61459E021C22}.Debug|Any CPU.Build.0 = Debug|Any CPU
		{B8EAC9B2-1C68-485A-8517-61459E021C22}.Debug|x64.ActiveCfg = Debug|Any CPU
		{B8EAC9B2-1C68-485A-8517-61459E021C22}.Debug|x64.Build.0 = Debug|Any CPU
		{B8EAC9B2-1C68-485A-8517-61459E021C22}.Debug|x86.ActiveCfg = Debug|Any CPU
		{B8EAC9B2-1C68-485A-8517-61459E021C22}.Debug|x86.Build.0 = Debug|Any CPU
		{B8EAC9B2-1C68-485A-8517-61459E021C22}.Release|Any CPU.ActiveCfg = Release|Any CPU
		{B8EAC9B2-1C68-485A-8517-61459E021C22}.Release|Any CPU.Build.0 = Release|Any CPU
		{B8EAC9B2-1C68-485A-8517-61459E021C22}.Release|x64.ActiveCfg = Release|Any CPU
		{B8EAC9B2-1C68-485A-8517-61459E021C22}.Release|x64.Build.0 = Release|Any CPU
		{B8EAC9B2-1C68-485A-8517-61459E021C22}.Release|x86.ActiveCfg = Release|Any CPU
		{B8EAC9B2-1C68-485A-8517-61459E021C22}.Release|x86.Build.0 = Release|Any CPU
		{65C9BCB6-A9FB-4690-8975-78D9B5FAA037}.Debug|Any CPU.ActiveCfg = Debug|Any CPU
		{65C9BCB6-A9FB-4690-8975-78D9B5FAA037}.Debug|Any CPU.Build.0 = Debug|Any CPU
		{65C9BCB6-A9FB-4690-8975-78D9B5FAA037}.Debug|x64.ActiveCfg = Debug|Any CPU
		{65C9BCB6-A9FB-4690-8975-78D9B5FAA037}.Debug|x64.Build.0 = Debug|Any CPU
		{65C9BCB6-A9FB-4690-8975-78D9B5FAA037}.Debug|x86.ActiveCfg = Debug|Any CPU
		{65C9BCB6-A9FB-4690-8975-78D9B5FAA037}.Debug|x86.Build.0 = Debug|Any CPU
		{65C9BCB6-A9FB-4690-8975-78D9B5FAA037}.Release|Any CPU.ActiveCfg = Release|Any CPU
		{65C9BCB6-A9FB-4690-8975-78D9B5FAA037}.Release|Any CPU.Build.0 = Release|Any CPU
		{65C9BCB6-A9FB-4690-8975-78D9B5FAA037}.Release|x64.ActiveCfg = Release|Any CPU
		{65C9BCB6-A9FB-4690-8975-78D9B5FAA037}.Release|x64.Build.0 = Release|Any CPU
		{65C9BCB6-A9FB-4690-8975-78D9B5FAA037}.Release|x86.ActiveCfg = Release|Any CPU
		{65C9BCB6-A9FB-4690-8975-78D9B5FAA037}.Release|x86.Build.0 = Release|Any CPU
		{3D99A050-3962-4B6E-9DDA-A8C4C32FE383}.Debug|Any CPU.ActiveCfg = Debug|Any CPU
		{3D99A050-3962-4B6E-9DDA-A8C4C32FE383}.Debug|Any CPU.Build.0 = Debug|Any CPU
		{3D99A050-3962-4B6E-9DDA-A8C4C32FE383}.Debug|x64.ActiveCfg = Debug|Any CPU
		{3D99A050-3962-4B6E-9DDA-A8C4C32FE383}.Debug|x64.Build.0 = Debug|Any CPU
		{3D99A050-3962-4B6E-9DDA-A8C4C32FE383}.Debug|x86.ActiveCfg = Debug|Any CPU
		{3D99A050-3962-4B6E-9DDA-A8C4C32FE383}.Debug|x86.Build.0 = Debug|Any CPU
		{3D99A050-3962-4B6E-9DDA-A8C4C32FE383}.Release|Any CPU.ActiveCfg = Release|Any CPU
		{3D99A050-3962-4B6E-9DDA-A8C4C32FE383}.Release|Any CPU.Build.0 = Release|Any CPU
		{3D99A050-3962-4B6E-9DDA-A8C4C32FE383}.Release|x64.ActiveCfg = Release|Any CPU
		{3D99A050-3962-4B6E-9DDA-A8C4C32FE383}.Release|x64.Build.0 = Release|Any CPU
		{3D99A050-3962-4B6E-9DDA-A8C4C32FE383}.Release|x86.ActiveCfg = Release|Any CPU
		{3D99A050-3962-4B6E-9DDA-A8C4C32FE383}.Release|x86.Build.0 = Release|Any CPU
		{1835C91D-F594-41E3-A87B-A49167074128}.Debug|Any CPU.ActiveCfg = Debug|Any CPU
		{1835C91D-F594-41E3-A87B-A49167074128}.Debug|Any CPU.Build.0 = Debug|Any CPU
		{1835C91D-F594-41E3-A87B-A49167074128}.Debug|x64.ActiveCfg = Debug|Any CPU
		{1835C91D-F594-41E3-A87B-A49167074128}.Debug|x64.Build.0 = Debug|Any CPU
		{1835C91D-F594-41E3-A87B-A49167074128}.Debug|x86.ActiveCfg = Debug|Any CPU
		{1835C91D-F594-41E3-A87B-A49167074128}.Debug|x86.Build.0 = Debug|Any CPU
		{1835C91D-F594-41E3-A87B-A49167074128}.Release|Any CPU.ActiveCfg = Release|Any CPU
		{1835C91D-F594-41E3-A87B-A49167074128}.Release|Any CPU.Build.0 = Release|Any CPU
		{1835C91D-F594-41E3-A87B-A49167074128}.Release|x64.ActiveCfg = Release|Any CPU
		{1835C91D-F594-41E3-A87B-A49167074128}.Release|x64.Build.0 = Release|Any CPU
		{1835C91D-F594-41E3-A87B-A49167074128}.Release|x86.ActiveCfg = Release|Any CPU
		{1835C91D-F594-41E3-A87B-A49167074128}.Release|x86.Build.0 = Release|Any CPU
		{C53C5C67-1051-45F2-813E-820DD9FF8E12}.Debug|Any CPU.ActiveCfg = Debug|Any CPU
		{C53C5C67-1051-45F2-813E-820DD9FF8E12}.Debug|Any CPU.Build.0 = Debug|Any CPU
		{C53C5C67-1051-45F2-813E-820DD9FF8E12}.Debug|x64.ActiveCfg = Debug|Any CPU
		{C53C5C67-1051-45F2-813E-820DD9FF8E12}.Debug|x64.Build.0 = Debug|Any CPU
		{C53C5C67-1051-45F2-813E-820DD9FF8E12}.Debug|x86.ActiveCfg = Debug|Any CPU
		{C53C5C67-1051-45F2-813E-820DD9FF8E12}.Debug|x86.Build.0 = Debug|Any CPU
		{C53C5C67-1051-45F2-813E-820DD9FF8E12}.Release|Any CPU.ActiveCfg = Release|Any CPU
		{C53C5C67-1051-45F2-813E-820DD9FF8E12}.Release|Any CPU.Build.0 = Release|Any CPU
		{C53C5C67-1051-45F2-813E-820DD9FF8E12}.Release|x64.ActiveCfg = Release|Any CPU
		{C53C5C67-1051-45F2-813E-820DD9FF8E12}.Release|x64.Build.0 = Release|Any CPU
		{C53C5C67-1051-45F2-813E-820DD9FF8E12}.Release|x86.ActiveCfg = Release|Any CPU
		{C53C5C67-1051-45F2-813E-820DD9FF8E12}.Release|x86.Build.0 = Release|Any CPU
		{1DF31C85-CB9E-4C36-ADBA-3363345CB33B}.Debug|Any CPU.ActiveCfg = Debug|Any CPU
		{1DF31C85-CB9E-4C36-ADBA-3363345CB33B}.Debug|Any CPU.Build.0 = Debug|Any CPU
		{1DF31C85-CB9E-4C36-ADBA-3363345CB33B}.Debug|x64.ActiveCfg = Debug|Any CPU
		{1DF31C85-CB9E-4C36-ADBA-3363345CB33B}.Debug|x64.Build.0 = Debug|Any CPU
		{1DF31C85-CB9E-4C36-ADBA-3363345CB33B}.Debug|x86.ActiveCfg = Debug|Any CPU
		{1DF31C85-CB9E-4C36-ADBA-3363345CB33B}.Debug|x86.Build.0 = Debug|Any CPU
		{1DF31C85-CB9E-4C36-ADBA-3363345CB33B}.Release|Any CPU.ActiveCfg = Release|Any CPU
		{1DF31C85-CB9E-4C36-ADBA-3363345CB33B}.Release|Any CPU.Build.0 = Release|Any CPU
		{1DF31C85-CB9E-4C36-ADBA-3363345CB33B}.Release|x64.ActiveCfg = Release|Any CPU
		{1DF31C85-CB9E-4C36-ADBA-3363345CB33B}.Release|x64.Build.0 = Release|Any CPU
		{1DF31C85-CB9E-4C36-ADBA-3363345CB33B}.Release|x86.ActiveCfg = Release|Any CPU
		{1DF31C85-CB9E-4C36-ADBA-3363345CB33B}.Release|x86.Build.0 = Release|Any CPU
		{0E0EAC56-8258-4758-B1E0-4CAE804D1413}.Debug|Any CPU.ActiveCfg = Debug|Any CPU
		{0E0EAC56-8258-4758-B1E0-4CAE804D1413}.Debug|Any CPU.Build.0 = Debug|Any CPU
		{0E0EAC56-8258-4758-B1E0-4CAE804D1413}.Debug|x64.ActiveCfg = Debug|Any CPU
		{0E0EAC56-8258-4758-B1E0-4CAE804D1413}.Debug|x64.Build.0 = Debug|Any CPU
		{0E0EAC56-8258-4758-B1E0-4CAE804D1413}.Debug|x86.ActiveCfg = Debug|Any CPU
		{0E0EAC56-8258-4758-B1E0-4CAE804D1413}.Debug|x86.Build.0 = Debug|Any CPU
		{0E0EAC56-8258-4758-B1E0-4CAE804D1413}.Release|Any CPU.ActiveCfg = Release|Any CPU
		{0E0EAC56-8258-4758-B1E0-4CAE804D1413}.Release|Any CPU.Build.0 = Release|Any CPU
		{0E0EAC56-8258-4758-B1E0-4CAE804D1413}.Release|x64.ActiveCfg = Release|Any CPU
		{0E0EAC56-8258-4758-B1E0-4CAE804D1413}.Release|x64.Build.0 = Release|Any CPU
		{0E0EAC56-8258-4758-B1E0-4CAE804D1413}.Release|x86.ActiveCfg = Release|Any CPU
		{0E0EAC56-8258-4758-B1E0-4CAE804D1413}.Release|x86.Build.0 = Release|Any CPU
		{D6639C1C-D996-43E5-B4DA-D949322E26CA}.Debug|Any CPU.ActiveCfg = Debug|Any CPU
		{D6639C1C-D996-43E5-B4DA-D949322E26CA}.Debug|Any CPU.Build.0 = Debug|Any CPU
		{D6639C1C-D996-43E5-B4DA-D949322E26CA}.Debug|x64.ActiveCfg = Debug|Any CPU
		{D6639C1C-D996-43E5-B4DA-D949322E26CA}.Debug|x64.Build.0 = Debug|Any CPU
		{D6639C1C-D996-43E5-B4DA-D949322E26CA}.Debug|x86.ActiveCfg = Debug|Any CPU
		{D6639C1C-D996-43E5-B4DA-D949322E26CA}.Debug|x86.Build.0 = Debug|Any CPU
		{D6639C1C-D996-43E5-B4DA-D949322E26CA}.Release|Any CPU.ActiveCfg = Release|Any CPU
		{D6639C1C-D996-43E5-B4DA-D949322E26CA}.Release|Any CPU.Build.0 = Release|Any CPU
		{D6639C1C-D996-43E5-B4DA-D949322E26CA}.Release|x64.ActiveCfg = Release|Any CPU
		{D6639C1C-D996-43E5-B4DA-D949322E26CA}.Release|x64.Build.0 = Release|Any CPU
		{D6639C1C-D996-43E5-B4DA-D949322E26CA}.Release|x86.ActiveCfg = Release|Any CPU
		{D6639C1C-D996-43E5-B4DA-D949322E26CA}.Release|x86.Build.0 = Release|Any CPU
		{8E4FCBBF-3440-4153-963B-BE9F99C3565A}.Debug|Any CPU.ActiveCfg = Debug|Any CPU
		{8E4FCBBF-3440-4153-963B-BE9F99C3565A}.Debug|Any CPU.Build.0 = Debug|Any CPU
		{8E4FCBBF-3440-4153-963B-BE9F99C3565A}.Debug|x64.ActiveCfg = Debug|Any CPU
		{8E4FCBBF-3440-4153-963B-BE9F99C3565A}.Debug|x64.Build.0 = Debug|Any CPU
		{8E4FCBBF-3440-4153-963B-BE9F99C3565A}.Debug|x86.ActiveCfg = Debug|Any CPU
		{8E4FCBBF-3440-4153-963B-BE9F99C3565A}.Debug|x86.Build.0 = Debug|Any CPU
		{8E4FCBBF-3440-4153-963B-BE9F99C3565A}.Release|Any CPU.ActiveCfg = Release|Any CPU
		{8E4FCBBF-3440-4153-963B-BE9F99C3565A}.Release|Any CPU.Build.0 = Release|Any CPU
		{8E4FCBBF-3440-4153-963B-BE9F99C3565A}.Release|x64.ActiveCfg = Release|Any CPU
		{8E4FCBBF-3440-4153-963B-BE9F99C3565A}.Release|x64.Build.0 = Release|Any CPU
		{8E4FCBBF-3440-4153-963B-BE9F99C3565A}.Release|x86.ActiveCfg = Release|Any CPU
		{8E4FCBBF-3440-4153-963B-BE9F99C3565A}.Release|x86.Build.0 = Release|Any CPU
		{631FD4D3-33E1-4EDF-AD1C-B07F91C73A84}.Debug|Any CPU.ActiveCfg = Debug|Any CPU
		{631FD4D3-33E1-4EDF-AD1C-B07F91C73A84}.Debug|Any CPU.Build.0 = Debug|Any CPU
		{631FD4D3-33E1-4EDF-AD1C-B07F91C73A84}.Debug|x64.ActiveCfg = Debug|Any CPU
		{631FD4D3-33E1-4EDF-AD1C-B07F91C73A84}.Debug|x64.Build.0 = Debug|Any CPU
		{631FD4D3-33E1-4EDF-AD1C-B07F91C73A84}.Debug|x86.ActiveCfg = Debug|Any CPU
		{631FD4D3-33E1-4EDF-AD1C-B07F91C73A84}.Debug|x86.Build.0 = Debug|Any CPU
		{631FD4D3-33E1-4EDF-AD1C-B07F91C73A84}.Release|Any CPU.ActiveCfg = Release|Any CPU
		{631FD4D3-33E1-4EDF-AD1C-B07F91C73A84}.Release|Any CPU.Build.0 = Release|Any CPU
		{631FD4D3-33E1-4EDF-AD1C-B07F91C73A84}.Release|x64.ActiveCfg = Release|Any CPU
		{631FD4D3-33E1-4EDF-AD1C-B07F91C73A84}.Release|x64.Build.0 = Release|Any CPU
		{631FD4D3-33E1-4EDF-AD1C-B07F91C73A84}.Release|x86.ActiveCfg = Release|Any CPU
		{631FD4D3-33E1-4EDF-AD1C-B07F91C73A84}.Release|x86.Build.0 = Release|Any CPU
		{0080D695-9AE4-4A3F-B0A8-7A643148A9E4}.Debug|Any CPU.ActiveCfg = Debug|Any CPU
		{0080D695-9AE4-4A3F-B0A8-7A643148A9E4}.Debug|Any CPU.Build.0 = Debug|Any CPU
		{0080D695-9AE4-4A3F-B0A8-7A643148A9E4}.Debug|x64.ActiveCfg = Debug|Any CPU
		{0080D695-9AE4-4A3F-B0A8-7A643148A9E4}.Debug|x64.Build.0 = Debug|Any CPU
		{0080D695-9AE4-4A3F-B0A8-7A643148A9E4}.Debug|x86.ActiveCfg = Debug|Any CPU
		{0080D695-9AE4-4A3F-B0A8-7A643148A9E4}.Debug|x86.Build.0 = Debug|Any CPU
		{0080D695-9AE4-4A3F-B0A8-7A643148A9E4}.Release|Any CPU.ActiveCfg = Release|Any CPU
		{0080D695-9AE4-4A3F-B0A8-7A643148A9E4}.Release|Any CPU.Build.0 = Release|Any CPU
		{0080D695-9AE4-4A3F-B0A8-7A643148A9E4}.Release|x64.ActiveCfg = Release|Any CPU
		{0080D695-9AE4-4A3F-B0A8-7A643148A9E4}.Release|x64.Build.0 = Release|Any CPU
		{0080D695-9AE4-4A3F-B0A8-7A643148A9E4}.Release|x86.ActiveCfg = Release|Any CPU
		{0080D695-9AE4-4A3F-B0A8-7A643148A9E4}.Release|x86.Build.0 = Release|Any CPU
		{58448B0F-9E30-4BB5-9B89-921F095A43A6}.Debug|Any CPU.ActiveCfg = Debug|Any CPU
		{58448B0F-9E30-4BB5-9B89-921F095A43A6}.Debug|Any CPU.Build.0 = Debug|Any CPU
		{58448B0F-9E30-4BB5-9B89-921F095A43A6}.Debug|x64.ActiveCfg = Debug|Any CPU
		{58448B0F-9E30-4BB5-9B89-921F095A43A6}.Debug|x64.Build.0 = Debug|Any CPU
		{58448B0F-9E30-4BB5-9B89-921F095A43A6}.Debug|x86.ActiveCfg = Debug|Any CPU
		{58448B0F-9E30-4BB5-9B89-921F095A43A6}.Debug|x86.Build.0 = Debug|Any CPU
		{58448B0F-9E30-4BB5-9B89-921F095A43A6}.Release|Any CPU.ActiveCfg = Release|Any CPU
		{58448B0F-9E30-4BB5-9B89-921F095A43A6}.Release|Any CPU.Build.0 = Release|Any CPU
		{58448B0F-9E30-4BB5-9B89-921F095A43A6}.Release|x64.ActiveCfg = Release|Any CPU
		{58448B0F-9E30-4BB5-9B89-921F095A43A6}.Release|x64.Build.0 = Release|Any CPU
		{58448B0F-9E30-4BB5-9B89-921F095A43A6}.Release|x86.ActiveCfg = Release|Any CPU
		{58448B0F-9E30-4BB5-9B89-921F095A43A6}.Release|x86.Build.0 = Release|Any CPU
	EndGlobalSection
	GlobalSection(SolutionProperties) = preSolution
		HideSolutionNode = FALSE
	EndGlobalSection
EndGlobal
